// !$*UTF8*$!
{
	archiveVersion = 1;
	classes = {
	};
	objectVersion = 56;
	objects = {

/* Begin PBXBuildFile section */
		581E4973292AB301007BE240 /* AppDelegate.m in Sources */ = {isa = PBXBuildFile; fileRef = 581E4972292AB301007BE240 /* AppDelegate.m */; };
		581E4976292AB301007BE240 /* SceneDelegate.m in Sources */ = {isa = PBXBuildFile; fileRef = 581E4975292AB301007BE240 /* SceneDelegate.m */; };
		581E4979292AB301007BE240 /* ViewController.m in Sources */ = {isa = PBXBuildFile; fileRef = 581E4978292AB301007BE240 /* ViewController.m */; };
		581E497C292AB301007BE240 /* Main.storyboard in Resources */ = {isa = PBXBuildFile; fileRef = 581E497A292AB301007BE240 /* Main.storyboard */; };
		581E497E292AB303007BE240 /* Assets.xcassets in Resources */ = {isa = PBXBuildFile; fileRef = 581E497D292AB303007BE240 /* Assets.xcassets */; };
		581E4981292AB303007BE240 /* LaunchScreen.storyboard in Resources */ = {isa = PBXBuildFile; fileRef = 581E497F292AB303007BE240 /* LaunchScreen.storyboard */; };
		581E4984292AB303007BE240 /* main.m in Sources */ = {isa = PBXBuildFile; fileRef = 581E4983292AB303007BE240 /* main.m */; };
		581E498E292AB303007BE240 /* MatchismoTests.m in Sources */ = {isa = PBXBuildFile; fileRef = 581E498D292AB303007BE240 /* MatchismoTests.m */; };
		581E4998292AB303007BE240 /* MatchismoUITests.m in Sources */ = {isa = PBXBuildFile; fileRef = 581E4997292AB303007BE240 /* MatchismoUITests.m */; };
		581E499A292AB303007BE240 /* MatchismoUITestsLaunchTests.m in Sources */ = {isa = PBXBuildFile; fileRef = 581E4999292AB303007BE240 /* MatchismoUITestsLaunchTests.m */; };
		581E49AB292AB4A3007BE240 /* Card.m in Sources */ = {isa = PBXBuildFile; fileRef = 581E49AA292AB4A3007BE240 /* Card.m */; };
/* End PBXBuildFile section */

/* Begin PBXContainerItemProxy section */
		581E498A292AB303007BE240 /* PBXContainerItemProxy */ = {
			isa = PBXContainerItemProxy;
			containerPortal = 581E4966292AB301007BE240 /* Project object */;
			proxyType = 1;
			remoteGlobalIDString = 581E496D292AB301007BE240;
			remoteInfo = Matchismo;
		};
		581E4994292AB303007BE240 /* PBXContainerItemProxy */ = {
			isa = PBXContainerItemProxy;
			containerPortal = 581E4966292AB301007BE240 /* Project object */;
			proxyType = 1;
			remoteGlobalIDString = 581E496D292AB301007BE240;
			remoteInfo = Matchismo;
		};
/* End PBXContainerItemProxy section */

/* Begin PBXFileReference section */
		581E496E292AB301007BE240 /* Matchismo.app */ = {isa = PBXFileReference; explicitFileType = wrapper.application; includeInIndex = 0; path = Matchismo.app; sourceTree = BUILT_PRODUCTS_DIR; };
		581E4971292AB301007BE240 /* AppDelegate.h */ = {isa = PBXFileReference; lastKnownFileType = sourcecode.c.h; path = AppDelegate.h; sourceTree = "<group>"; };
		581E4972292AB301007BE240 /* AppDelegate.m */ = {isa = PBXFileReference; lastKnownFileType = sourcecode.c.objc; path = AppDelegate.m; sourceTree = "<group>"; };
		581E4974292AB301007BE240 /* SceneDelegate.h */ = {isa = PBXFileReference; lastKnownFileType = sourcecode.c.h; path = SceneDelegate.h; sourceTree = "<group>"; };
		581E4975292AB301007BE240 /* SceneDelegate.m */ = {isa = PBXFileReference; lastKnownFileType = sourcecode.c.objc; path = SceneDelegate.m; sourceTree = "<group>"; };
		581E4977292AB301007BE240 /* ViewController.h */ = {isa = PBXFileReference; lastKnownFileType = sourcecode.c.h; path = ViewController.h; sourceTree = "<group>"; };
		581E4978292AB301007BE240 /* ViewController.m */ = {isa = PBXFileReference; lastKnownFileType = sourcecode.c.objc; path = ViewController.m; sourceTree = "<group>"; };
		581E497B292AB301007BE240 /* Base */ = {isa = PBXFileReference; lastKnownFileType = file.storyboard; name = Base; path = Base.lproj/Main.storyboard; sourceTree = "<group>"; };
		581E497D292AB303007BE240 /* Assets.xcassets */ = {isa = PBXFileReference; lastKnownFileType = folder.assetcatalog; path = Assets.xcassets; sourceTree = "<group>"; };
		581E4980292AB303007BE240 /* Base */ = {isa = PBXFileReference; lastKnownFileType = file.storyboard; name = Base; path = Base.lproj/LaunchScreen.storyboard; sourceTree = "<group>"; };
		581E4982292AB303007BE240 /* Info.plist */ = {isa = PBXFileReference; lastKnownFileType = text.plist.xml; path = Info.plist; sourceTree = "<group>"; };
		581E4983292AB303007BE240 /* main.m */ = {isa = PBXFileReference; lastKnownFileType = sourcecode.c.objc; path = main.m; sourceTree = "<group>"; };
		581E4989292AB303007BE240 /* MatchismoTests.xctest */ = {isa = PBXFileReference; explicitFileType = wrapper.cfbundle; includeInIndex = 0; path = MatchismoTests.xctest; sourceTree = BUILT_PRODUCTS_DIR; };
		581E498D292AB303007BE240 /* MatchismoTests.m */ = {isa = PBXFileReference; lastKnownFileType = sourcecode.c.objc; path = MatchismoTests.m; sourceTree = "<group>"; };
		581E4993292AB303007BE240 /* MatchismoUITests.xctest */ = {isa = PBXFileReference; explicitFileType = wrapper.cfbundle; includeInIndex = 0; path = MatchismoUITests.xctest; sourceTree = BUILT_PRODUCTS_DIR; };
		581E4997292AB303007BE240 /* MatchismoUITests.m */ = {isa = PBXFileReference; lastKnownFileType = sourcecode.c.objc; path = MatchismoUITests.m; sourceTree = "<group>"; };
		581E4999292AB303007BE240 /* MatchismoUITestsLaunchTests.m */ = {isa = PBXFileReference; lastKnownFileType = sourcecode.c.objc; path = MatchismoUITestsLaunchTests.m; sourceTree = "<group>"; };
		581E49AA292AB4A3007BE240 /* Card.m */ = {isa = PBXFileReference; lastKnownFileType = sourcecode.c.objc; path = Card.m; sourceTree = "<group>"; };
		581E49AC292AB4BA007BE240 /* Card.h */ = {isa = PBXFileReference; lastKnownFileType = sourcecode.c.h; path = Card.h; sourceTree = "<group>"; };
/* End PBXFileReference section */

/* Begin PBXFrameworksBuildPhase section */
		581E496B292AB301007BE240 /* Frameworks */ = {
			isa = PBXFrameworksBuildPhase;
			buildActionMask = 2147483647;
			files = (
			);
			runOnlyForDeploymentPostprocessing = 0;
		};
		581E4986292AB303007BE240 /* Frameworks */ = {
			isa = PBXFrameworksBuildPhase;
			buildActionMask = 2147483647;
			files = (
			);
			runOnlyForDeploymentPostprocessing = 0;
		};
		581E4990292AB303007BE240 /* Frameworks */ = {
			isa = PBXFrameworksBuildPhase;
			buildActionMask = 2147483647;
			files = (
			);
			runOnlyForDeploymentPostprocessing = 0;
		};
/* End PBXFrameworksBuildPhase section */

/* Begin PBXGroup section */
		581E4965292AB301007BE240 = {
			isa = PBXGroup;
			children = (
				581E4970292AB301007BE240 /* Matchismo */,
				581E498C292AB303007BE240 /* MatchismoTests */,
				581E4996292AB303007BE240 /* MatchismoUITests */,
				581E496F292AB301007BE240 /* Products */,
			);
			sourceTree = "<group>";
		};
		581E496F292AB301007BE240 /* Products */ = {
			isa = PBXGroup;
			children = (
				581E496E292AB301007BE240 /* Matchismo.app */,
				581E4989292AB303007BE240 /* MatchismoTests.xctest */,
				581E4993292AB303007BE240 /* MatchismoUITests.xctest */,
			);
			name = Products;
			sourceTree = "<group>";
		};
		581E4970292AB301007BE240 /* Matchismo */ = {
			isa = PBXGroup;
			children = (
				581E4977292AB301007BE240 /* ViewController.h */,
				581E4978292AB301007BE240 /* ViewController.m */,
				581E497A292AB301007BE240 /* Main.storyboard */,
				581E49A6292AB32F007BE240 /* Support */,
				581E49AE292AD91D007BE240 /* Card */,
			);
			path = Matchismo;
			sourceTree = "<group>";
		};
		581E498C292AB303007BE240 /* MatchismoTests */ = {
			isa = PBXGroup;
			children = (
				581E498D292AB303007BE240 /* MatchismoTests.m */,
			);
			path = MatchismoTests;
			sourceTree = "<group>";
		};
		581E4996292AB303007BE240 /* MatchismoUITests */ = {
			isa = PBXGroup;
			children = (
				581E4997292AB303007BE240 /* MatchismoUITests.m */,
				581E4999292AB303007BE240 /* MatchismoUITestsLaunchTests.m */,
			);
			path = MatchismoUITests;
			sourceTree = "<group>";
		};
		581E49A6292AB32F007BE240 /* Support */ = {
			isa = PBXGroup;
			children = (
				581E49AD292AD8ED007BE240 /* SupportFolder */,
				581E4982292AB303007BE240 /* Info.plist */,
			);
			name = Support;
			sourceTree = "<group>";
		};
		581E49AD292AD8ED007BE240 /* SupportFolder */ = {
			isa = PBXGroup;
			children = (
				581E4971292AB301007BE240 /* AppDelegate.h */,
				581E4972292AB301007BE240 /* AppDelegate.m */,
				581E4974292AB301007BE240 /* SceneDelegate.h */,
				581E4975292AB301007BE240 /* SceneDelegate.m */,
				581E497D292AB303007BE240 /* Assets.xcassets */,
				581E497F292AB303007BE240 /* LaunchScreen.storyboard */,
				581E4983292AB303007BE240 /* main.m */,
			);
			path = SupportFolder;
			sourceTree = "<group>";
		};
		581E49AE292AD91D007BE240 /* Card */ = {
			isa = PBXGroup;
			children = (
				581E49AA292AB4A3007BE240 /* Card.m */,
				581E49AC292AB4BA007BE240 /* Card.h */,
			);
			path = Card;
			sourceTree = "<group>";
		};
/* End PBXGroup section */

/* Begin PBXNativeTarget section */
		581E496D292AB301007BE240 /* Matchismo */ = {
			isa = PBXNativeTarget;
			buildConfigurationList = 581E499D292AB303007BE240 /* Build configuration list for PBXNativeTarget "Matchismo" */;
			buildPhases = (
				581E496A292AB301007BE240 /* Sources */,
				581E496B292AB301007BE240 /* Frameworks */,
				581E496C292AB301007BE240 /* Resources */,
			);
			buildRules = (
			);
			dependencies = (
			);
			name = Matchismo;
			productName = Matchismo;
			productReference = 581E496E292AB301007BE240 /* Matchismo.app */;
			productType = "com.apple.product-type.application";
		};
		581E4988292AB303007BE240 /* MatchismoTests */ = {
			isa = PBXNativeTarget;
			buildConfigurationList = 581E49A0292AB303007BE240 /* Build configuration list for PBXNativeTarget "MatchismoTests" */;
			buildPhases = (
				581E4985292AB303007BE240 /* Sources */,
				581E4986292AB303007BE240 /* Frameworks */,
				581E4987292AB303007BE240 /* Resources */,
			);
			buildRules = (
			);
			dependencies = (
				581E498B292AB303007BE240 /* PBXTargetDependency */,
			);
			name = MatchismoTests;
			productName = MatchismoTests;
			productReference = 581E4989292AB303007BE240 /* MatchismoTests.xctest */;
			productType = "com.apple.product-type.bundle.unit-test";
		};
		581E4992292AB303007BE240 /* MatchismoUITests */ = {
			isa = PBXNativeTarget;
			buildConfigurationList = 581E49A3292AB303007BE240 /* Build configuration list for PBXNativeTarget "MatchismoUITests" */;
			buildPhases = (
				581E498F292AB303007BE240 /* Sources */,
				581E4990292AB303007BE240 /* Frameworks */,
				581E4991292AB303007BE240 /* Resources */,
			);
			buildRules = (
			);
			dependencies = (
				581E4995292AB303007BE240 /* PBXTargetDependency */,
			);
			name = MatchismoUITests;
			productName = MatchismoUITests;
			productReference = 581E4993292AB303007BE240 /* MatchismoUITests.xctest */;
			productType = "com.apple.product-type.bundle.ui-testing";
		};
/* End PBXNativeTarget section */

/* Begin PBXProject section */
		581E4966292AB301007BE240 /* Project object */ = {
			isa = PBXProject;
			attributes = {
				BuildIndependentTargetsInParallel = 1;
				LastUpgradeCheck = 1400;
				TargetAttributes = {
					581E496D292AB301007BE240 = {
						CreatedOnToolsVersion = 14.0.1;
					};
					581E4988292AB303007BE240 = {
						CreatedOnToolsVersion = 14.0.1;
						TestTargetID = 581E496D292AB301007BE240;
					};
					581E4992292AB303007BE240 = {
						CreatedOnToolsVersion = 14.0.1;
						TestTargetID = 581E496D292AB301007BE240;
					};
				};
			};
			buildConfigurationList = 581E4969292AB301007BE240 /* Build configuration list for PBXProject "Matchismo" */;
			compatibilityVersion = "Xcode 14.0";
			developmentRegion = en;
			hasScannedForEncodings = 0;
			knownRegions = (
				en,
				Base,
			);
			mainGroup = 581E4965292AB301007BE240;
			productRefGroup = 581E496F292AB301007BE240 /* Products */;
			projectDirPath = "";
			projectRoot = "";
			targets = (
				581E496D292AB301007BE240 /* Matchismo */,
				581E4988292AB303007BE240 /* MatchismoTests */,
				581E4992292AB303007BE240 /* MatchismoUITests */,
			);
		};
/* End PBXProject section */

/* Begin PBXResourcesBuildPhase section */
		581E496C292AB301007BE240 /* Resources */ = {
			isa = PBXResourcesBuildPhase;
			buildActionMask = 2147483647;
			files = (
				581E4981292AB303007BE240 /* LaunchScreen.storyboard in Resources */,
				581E497E292AB303007BE240 /* Assets.xcassets in Resources */,
				581E497C292AB301007BE240 /* Main.storyboard in Resources */,
			);
			runOnlyForDeploymentPostprocessing = 0;
		};
		581E4987292AB303007BE240 /* Resources */ = {
			isa = PBXResourcesBuildPhase;
			buildActionMask = 2147483647;
			files = (
			);
			runOnlyForDeploymentPostprocessing = 0;
		};
		581E4991292AB303007BE240 /* Resources */ = {
			isa = PBXResourcesBuildPhase;
			buildActionMask = 2147483647;
			files = (
			);
			runOnlyForDeploymentPostprocessing = 0;
		};
/* End PBXResourcesBuildPhase section */

/* Begin PBXSourcesBuildPhase section */
		581E496A292AB301007BE240 /* Sources */ = {
			isa = PBXSourcesBuildPhase;
			buildActionMask = 2147483647;
			files = (
				581E49AB292AB4A3007BE240 /* Card.m in Sources */,
				581E4979292AB301007BE240 /* ViewController.m in Sources */,
				581E4973292AB301007BE240 /* AppDelegate.m in Sources */,
				581E4984292AB303007BE240 /* main.m in Sources */,
				581E4976292AB301007BE240 /* SceneDelegate.m in Sources */,
			);
			runOnlyForDeploymentPostprocessing = 0;
		};
		581E4985292AB303007BE240 /* Sources */ = {
			isa = PBXSourcesBuildPhase;
			buildActionMask = 2147483647;
			files = (
				581E498E292AB303007BE240 /* MatchismoTests.m in Sources */,
			);
			runOnlyForDeploymentPostprocessing = 0;
		};
		581E498F292AB303007BE240 /* Sources */ = {
			isa = PBXSourcesBuildPhase;
			buildActionMask = 2147483647;
			files = (
				581E499A292AB303007BE240 /* MatchismoUITestsLaunchTests.m in Sources */,
				581E4998292AB303007BE240 /* MatchismoUITests.m in Sources */,
			);
			runOnlyForDeploymentPostprocessing = 0;
		};
/* End PBXSourcesBuildPhase section */

/* Begin PBXTargetDependency section */
		581E498B292AB303007BE240 /* PBXTargetDependency */ = {
			isa = PBXTargetDependency;
			target = 581E496D292AB301007BE240 /* Matchismo */;
			targetProxy = 581E498A292AB303007BE240 /* PBXContainerItemProxy */;
		};
		581E4995292AB303007BE240 /* PBXTargetDependency */ = {
			isa = PBXTargetDependency;
			target = 581E496D292AB301007BE240 /* Matchismo */;
			targetProxy = 581E4994292AB303007BE240 /* PBXContainerItemProxy */;
		};
/* End PBXTargetDependency section */

/* Begin PBXVariantGroup section */
		581E497A292AB301007BE240 /* Main.storyboard */ = {
			isa = PBXVariantGroup;
			children = (
				581E497B292AB301007BE240 /* Base */,
			);
			name = Main.storyboard;
			sourceTree = "<group>";
		};
		581E497F292AB303007BE240 /* LaunchScreen.storyboard */ = {
			isa = PBXVariantGroup;
			children = (
				581E4980292AB303007BE240 /* Base */,
			);
			name = LaunchScreen.storyboard;
			sourceTree = "<group>";
		};
/* End PBXVariantGroup section */

/* Begin XCBuildConfiguration section */
		581E499B292AB303007BE240 /* Debug */ = {
			isa = XCBuildConfiguration;
			buildSettings = {
				ALWAYS_SEARCH_USER_PATHS = NO;
				CLANG_ANALYZER_NONNULL = YES;
				CLANG_ANALYZER_NUMBER_OBJECT_CONVERSION = YES_AGGRESSIVE;
				CLANG_CXX_LANGUAGE_STANDARD = "gnu++20";
				CLANG_ENABLE_MODULES = YES;
				CLANG_ENABLE_OBJC_ARC = YES;
				CLANG_ENABLE_OBJC_WEAK = YES;
				CLANG_WARN_BLOCK_CAPTURE_AUTORELEASING = YES;
				CLANG_WARN_BOOL_CONVERSION = YES;
				CLANG_WARN_COMMA = YES;
				CLANG_WARN_CONSTANT_CONVERSION = YES;
				CLANG_WARN_DEPRECATED_OBJC_IMPLEMENTATIONS = YES;
				CLANG_WARN_DIRECT_OBJC_ISA_USAGE = YES_ERROR;
				CLANG_WARN_DOCUMENTATION_COMMENTS = YES;
				CLANG_WARN_EMPTY_BODY = YES;
				CLANG_WARN_ENUM_CONVERSION = YES;
				CLANG_WARN_INFINITE_RECURSION = YES;
				CLANG_WARN_INT_CONVERSION = YES;
				CLANG_WARN_NON_LITERAL_NULL_CONVERSION = YES;
				CLANG_WARN_OBJC_IMPLICIT_RETAIN_SELF = YES;
				CLANG_WARN_OBJC_LITERAL_CONVERSION = YES;
				CLANG_WARN_OBJC_ROOT_CLASS = YES_ERROR;
				CLANG_WARN_QUOTED_INCLUDE_IN_FRAMEWORK_HEADER = YES;
				CLANG_WARN_RANGE_LOOP_ANALYSIS = YES;
				CLANG_WARN_STRICT_PROTOTYPES = YES;
				CLANG_WARN_SUSPICIOUS_MOVE = YES;
				CLANG_WARN_UNGUARDED_AVAILABILITY = YES_AGGRESSIVE;
				CLANG_WARN_UNREACHABLE_CODE = YES;
				CLANG_WARN__DUPLICATE_METHOD_MATCH = YES;
				COPY_PHASE_STRIP = NO;
				DEBUG_INFORMATION_FORMAT = dwarf;
				ENABLE_STRICT_OBJC_MSGSEND = YES;
				ENABLE_TESTABILITY = YES;
				GCC_C_LANGUAGE_STANDARD = gnu11;
				GCC_DYNAMIC_NO_PIC = NO;
				GCC_NO_COMMON_BLOCKS = YES;
				GCC_OPTIMIZATION_LEVEL = 0;
				GCC_PREPROCESSOR_DEFINITIONS = (
					"DEBUG=1",
					"$(inherited)",
				);
				GCC_WARN_64_TO_32_BIT_CONVERSION = YES;
				GCC_WARN_ABOUT_RETURN_TYPE = YES_ERROR;
				GCC_WARN_UNDECLARED_SELECTOR = YES;
				GCC_WARN_UNINITIALIZED_AUTOS = YES_AGGRESSIVE;
				GCC_WARN_UNUSED_FUNCTION = YES;
				GCC_WARN_UNUSED_VARIABLE = YES;
				IPHONEOS_DEPLOYMENT_TARGET = 16.0;
				MTL_ENABLE_DEBUG_INFO = INCLUDE_SOURCE;
				MTL_FAST_MATH = YES;
				ONLY_ACTIVE_ARCH = YES;
				SDKROOT = iphoneos;
			};
			name = Debug;
		};
		581E499C292AB303007BE240 /* Release */ = {
			isa = XCBuildConfiguration;
			buildSettings = {
				ALWAYS_SEARCH_USER_PATHS = NO;
				CLANG_ANALYZER_NONNULL = YES;
				CLANG_ANALYZER_NUMBER_OBJECT_CONVERSION = YES_AGGRESSIVE;
				CLANG_CXX_LANGUAGE_STANDARD = "gnu++20";
				CLANG_ENABLE_MODULES = YES;
				CLANG_ENABLE_OBJC_ARC = YES;
				CLANG_ENABLE_OBJC_WEAK = YES;
				CLANG_WARN_BLOCK_CAPTURE_AUTORELEASING = YES;
				CLANG_WARN_BOOL_CONVERSION = YES;
				CLANG_WARN_COMMA = YES;
				CLANG_WARN_CONSTANT_CONVERSION = YES;
				CLANG_WARN_DEPRECATED_OBJC_IMPLEMENTATIONS = YES;
				CLANG_WARN_DIRECT_OBJC_ISA_USAGE = YES_ERROR;
				CLANG_WARN_DOCUMENTATION_COMMENTS = YES;
				CLANG_WARN_EMPTY_BODY = YES;
				CLANG_WARN_ENUM_CONVERSION = YES;
				CLANG_WARN_INFINITE_RECURSION = YES;
				CLANG_WARN_INT_CONVERSION = YES;
				CLANG_WARN_NON_LITERAL_NULL_CONVERSION = YES;
				CLANG_WARN_OBJC_IMPLICIT_RETAIN_SELF = YES;
				CLANG_WARN_OBJC_LITERAL_CONVERSION = YES;
				CLANG_WARN_OBJC_ROOT_CLASS = YES_ERROR;
				CLANG_WARN_QUOTED_INCLUDE_IN_FRAMEWORK_HEADER = YES;
				CLANG_WARN_RANGE_LOOP_ANALYSIS = YES;
				CLANG_WARN_STRICT_PROTOTYPES = YES;
				CLANG_WARN_SUSPICIOUS_MOVE = YES;
				CLANG_WARN_UNGUARDED_AVAILABILITY = YES_AGGRESSIVE;
				CLANG_WARN_UNREACHABLE_CODE = YES;
				CLANG_WARN__DUPLICATE_METHOD_MATCH = YES;
				COPY_PHASE_STRIP = NO;
				DEBUG_INFORMATION_FORMAT = "dwarf-with-dsym";
				ENABLE_NS_ASSERTIONS = NO;
				ENABLE_STRICT_OBJC_MSGSEND = YES;
				GCC_C_LANGUAGE_STANDARD = gnu11;
				GCC_NO_COMMON_BLOCKS = YES;
				GCC_WARN_64_TO_32_BIT_CONVERSION = YES;
				GCC_WARN_ABOUT_RETURN_TYPE = YES_ERROR;
				GCC_WARN_UNDECLARED_SELECTOR = YES;
				GCC_WARN_UNINITIALIZED_AUTOS = YES_AGGRESSIVE;
				GCC_WARN_UNUSED_FUNCTION = YES;
				GCC_WARN_UNUSED_VARIABLE = YES;
				IPHONEOS_DEPLOYMENT_TARGET = 16.0;
				MTL_ENABLE_DEBUG_INFO = NO;
				MTL_FAST_MATH = YES;
				SDKROOT = iphoneos;
				VALIDATE_PRODUCT = YES;
			};
			name = Release;
		};
		581E499E292AB303007BE240 /* Debug */ = {
			isa = XCBuildConfiguration;
			buildSettings = {
				ASSETCATALOG_COMPILER_APPICON_NAME = AppIcon;
				ASSETCATALOG_COMPILER_GLOBAL_ACCENT_COLOR_NAME = AccentColor;
				CODE_SIGN_STYLE = Automatic;
				CURRENT_PROJECT_VERSION = 1;
				DEVELOPMENT_TEAM = SJ8VVFRJNJ;
				GENERATE_INFOPLIST_FILE = YES;
				INFOPLIST_FILE = Matchismo/Info.plist;
				INFOPLIST_KEY_UIApplicationSupportsIndirectInputEvents = YES;
				INFOPLIST_KEY_UILaunchStoryboardName = LaunchScreen;
				INFOPLIST_KEY_UIMainStoryboardFile = Main;
				INFOPLIST_KEY_UISupportedInterfaceOrientations_iPad = "UIInterfaceOrientationPortrait UIInterfaceOrientationPortraitUpsideDown UIInterfaceOrientationLandscapeLeft UIInterfaceOrientationLandscapeRight";
				INFOPLIST_KEY_UISupportedInterfaceOrientations_iPhone = "UIInterfaceOrientationPortrait UIInterfaceOrientationLandscapeLeft UIInterfaceOrientationLandscapeRight";
				LD_RUNPATH_SEARCH_PATHS = (
					"$(inherited)",
					"@executable_path/Frameworks",
				);
				MARKETING_VERSION = 1.0;
				PRODUCT_BUNDLE_IDENTIFIER = atalla.ramy.Matchismo;
				PRODUCT_NAME = "$(TARGET_NAME)";
				SWIFT_EMIT_LOC_STRINGS = YES;
				TARGETED_DEVICE_FAMILY = "1,2";
			};
			name = Debug;
		};
		581E499F292AB303007BE240 /* Release */ = {
			isa = XCBuildConfiguration;
			buildSettings = {
				ASSETCATALOG_COMPILER_APPICON_NAME = AppIcon;
				ASSETCATALOG_COMPILER_GLOBAL_ACCENT_COLOR_NAME = AccentColor;
				CODE_SIGN_STYLE = Automatic;
				CURRENT_PROJECT_VERSION = 1;
				DEVELOPMENT_TEAM = SJ8VVFRJNJ;
				GENERATE_INFOPLIST_FILE = YES;
				INFOPLIST_FILE = Matchismo/Info.plist;
				INFOPLIST_KEY_UIApplicationSupportsIndirectInputEvents = YES;
				INFOPLIST_KEY_UILaunchStoryboardName = LaunchScreen;
				INFOPLIST_KEY_UIMainStoryboardFile = Main;
				INFOPLIST_KEY_UISupportedInterfaceOrientations_iPad = "UIInterfaceOrientationPortrait UIInterfaceOrientationPortraitUpsideDown UIInterfaceOrientationLandscapeLeft UIInterfaceOrientationLandscapeRight";
				INFOPLIST_KEY_UISupportedInterfaceOrientations_iPhone = "UIInterfaceOrientationPortrait UIInterfaceOrientationLandscapeLeft UIInterfaceOrientationLandscapeRight";
				LD_RUNPATH_SEARCH_PATHS = (
					"$(inherited)",
					"@executable_path/Frameworks",
				);
				MARKETING_VERSION = 1.0;
				PRODUCT_BUNDLE_IDENTIFIER = atalla.ramy.Matchismo;
				PRODUCT_NAME = "$(TARGET_NAME)";
				SWIFT_EMIT_LOC_STRINGS = YES;
				TARGETED_DEVICE_FAMILY = "1,2";
			};
			name = Release;
		};
		581E49A1292AB303007BE240 /* Debug */ = {
			isa = XCBuildConfiguration;
			buildSettings = {
				BUNDLE_LOADER = "$(TEST_HOST)";
				CODE_SIGN_STYLE = Automatic;
				CURRENT_PROJECT_VERSION = 1;
				DEVELOPMENT_TEAM = SJ8VVFRJNJ;
				GENERATE_INFOPLIST_FILE = YES;
				IPHONEOS_DEPLOYMENT_TARGET = 16.0;
				MARKETING_VERSION = 1.0;
				PRODUCT_BUNDLE_IDENTIFIER = atalla.ramy.MatchismoTests;
				PRODUCT_NAME = "$(TARGET_NAME)";
				SWIFT_EMIT_LOC_STRINGS = NO;
				TARGETED_DEVICE_FAMILY = "1,2";
				TEST_HOST = "$(BUILT_PRODUCTS_DIR)/Matchismo.app/$(BUNDLE_EXECUTABLE_FOLDER_PATH)/Matchismo";
			};
			name = Debug;
		};
		581E49A2292AB303007BE240 /* Release */ = {
			isa = XCBuildConfiguration;
			buildSettings = {
				BUNDLE_LOADER = "$(TEST_HOST)";
				CODE_SIGN_STYLE = Automatic;
				CURRENT_PROJECT_VERSION = 1;
				DEVELOPMENT_TEAM = SJ8VVFRJNJ;
				GENERATE_INFOPLIST_FILE = YES;
				IPHONEOS_DEPLOYMENT_TARGET = 16.0;
				MARKETING_VERSION = 1.0;
				PRODUCT_BUNDLE_IDENTIFIER = atalla.ramy.MatchismoTests;
				PRODUCT_NAME = "$(TARGET_NAME)";
				SWIFT_EMIT_LOC_STRINGS = NO;
				TARGETED_DEVICE_FAMILY = "1,2";
				TEST_HOST = "$(BUILT_PRODUCTS_DIR)/Matchismo.app/$(BUNDLE_EXECUTABLE_FOLDER_PATH)/Matchismo";
			};
			name = Release;
		};
		581E49A4292AB303007BE240 /* Debug */ = {
			isa = XCBuildConfiguration;
			buildSettings = {
				CODE_SIGN_STYLE = Automatic;
				CURRENT_PROJECT_VERSION = 1;
				DEVELOPMENT_TEAM = SJ8VVFRJNJ;
				GENERATE_INFOPLIST_FILE = YES;
				MARKETING_VERSION = 1.0;
				PRODUCT_BUNDLE_IDENTIFIER = atalla.ramy.MatchismoUITests;
				PRODUCT_NAME = "$(TARGET_NAME)";
				SWIFT_EMIT_LOC_STRINGS = NO;
				TARGETED_DEVICE_FAMILY = "1,2";
				TEST_TARGET_NAME = Matchismo;
			};
			name = Debug;
		};
		581E49A5292AB303007BE240 /* Release */ = {
			isa = XCBuildConfiguration;
			buildSettings = {
				CODE_SIGN_STYLE = Automatic;
				CURRENT_PROJECT_VERSION = 1;
				DEVELOPMENT_TEAM = SJ8VVFRJNJ;
				GENERATE_INFOPLIST_FILE = YES;
				MARKETING_VERSION = 1.0;
				PRODUCT_BUNDLE_IDENTIFIER = atalla.ramy.MatchismoUITests;
				PRODUCT_NAME = "$(TARGET_NAME)";
				SWIFT_EMIT_LOC_STRINGS = NO;
				TARGETED_DEVICE_FAMILY = "1,2";
				TEST_TARGET_NAME = Matchismo;
			};
			name = Release;
		};
/* End XCBuildConfiguration section */

/* Begin XCConfigurationList section */
		581E4969292AB301007BE240 /* Build configuration list for PBXProject "Matchismo" */ = {
			isa = XCConfigurationList;
			buildConfigurations = (
				581E499B292AB303007BE240 /* Debug */,
				581E499C292AB303007BE240 /* Release */,
			);
			defaultConfigurationIsVisible = 0;
			defaultConfigurationName = Release;
		};
		581E499D292AB303007BE240 /* Build configuration list for PBXNativeTarget "Matchismo" */ = {
			isa = XCConfigurationList;
			buildConfigurations = (
				581E499E292AB303007BE240 /* Debug */,
				581E499F292AB303007BE240 /* Release */,
			);
			defaultConfigurationIsVisible = 0;
			defaultConfigurationName = Release;
		};
		581E49A0292AB303007BE240 /* Build configuration list for PBXNativeTarget "MatchismoTests" */ = {
			isa = XCConfigurationList;
			buildConfigurations = (
				581E49A1292AB303007BE240 /* Debug */,
				581E49A2292AB303007BE240 /* Release */,
			);
			defaultConfigurationIsVisible = 0;
			defaultConfigurationName = Release;
		};
		581E49A3292AB303007BE240 /* Build configuration list for PBXNativeTarget "MatchismoUITests" */ = {
			isa = XCConfigurationList;
			buildConfigurations = (
				581E49A4292AB303007BE240 /* Debug */,
				581E49A5292AB303007BE240 /* Release */,
			);
			defaultConfigurationIsVisible = 0;
			defaultConfigurationName = Release;
		};
/* End XCConfigurationList section */
	};
	rootObject = 581E4966292AB301007BE240 /* Project object */;
}
